
Microsoft Visual Studio Solution File, Format Version 12.00
# Visual Studio Version 17
VisualStudioVersion = 17.3.32811.315
MinimumVisualStudioVersion = 10.0.40219.1
Project("{9A19103F-16F7-4668-BE54-9A1E7A4F7556}") = "MemoryManage", "MemoryManage.csproj", "{6DECB3EE-F2AE-409B-B10E-E32C53464797}"
EndProject
Project("{FAE04EC0-301F-11D3-BF4B-00C04F79EFBC}") = "MemoryGUI", "..\MemoryGUI\MemoryGUI.csproj", "{A748F2E9-E407-4FA9-AE1A-8C3A0362A875}"
EndProject
Global
	GlobalSection(SolutionConfigurationPlatforms) = preSolution
		Debug|Any CPU = Debug|Any CPU
		Release|Any CPU = Release|Any CPU
	EndGlobalSection
	GlobalSection(ProjectConfigurationPlatforms) = postSolution
		{6DECB3EE-F2AE-409B-B10E-E32C53464797}.Debug|Any CPU.ActiveCfg = Debug|Any CPU
		{6DECB3EE-F2AE-409B-B10E-E32C53464797}.Debug|Any CPU.Build.0 = Debug|Any CPU
		{6DECB3EE-F2AE-409B-B10E-E32C53464797}.Release|Any CPU.ActiveCfg = Release|Any CPU
		{6DECB3EE-F2AE-409B-B10E-E32C53464797}.Release|Any CPU.Build.0 = Release|Any CPU
		{A748F2E9-E407-4FA9-AE1A-8C3A0362A875}.Debug|Any CPU.ActiveCfg = Debug|Any CPU
		{A748F2E9-E407-4FA9-AE1A-8C3A0362A875}.Debug|Any CPU.Build.0 = Debug|Any CPU
		{A748F2E9-E407-4FA9-AE1A-8C3A0362A875}.Release|Any CPU.ActiveCfg = Release|Any CPU
		{A748F2E9-E407-4FA9-AE1A-8C3A0362A875}.Release|Any CPU.Build.0 = Release|Any CPU
	EndGlobalSection
	GlobalSection(SolutionProperties) = preSolution
		HideSolutionNode = FALSE
	EndGlobalSection
	GlobalSection(ExtensibilityGlobals) = postSolution
		SolutionGuid = {99DA868E-02E2-49A3-91E9-211C8BDC795F}
	EndGlobalSection
EndGlobal
